
Microsoft Visual Studio Solution File, Format Version 12.00
# Visual Studio Version 16
VisualStudioVersion = 16.0.29920.165
MinimumVisualStudioVersion = 10.0.40219.1
Project("{2150E333-8FDC-42A3-9474-1A3956D46DE8}") = "CleanArch.Application", "CleanArch.Application", "{70EF3AD4-C8DF-4F60-B0E3-86AEC3299155}"
EndProject
Project("{2150E333-8FDC-42A3-9474-1A3956D46DE8}") = "Domain", "Domain", "{AE957E2F-67D5-4A3D-A270-2F150D207A7F}"
EndProject
Project("{2150E333-8FDC-42A3-9474-1A3956D46DE8}") = "Infra.Data", "Infra.Data", "{1415837B-94CC-489E-9512-0C8C7ABA42D5}"
EndProject
Project("{2150E333-8FDC-42A3-9474-1A3956D46DE8}") = "Infra.IoC", "Infra.IoC", "{58A45BB0-F30A-459B-8A44-C7217EC0C52D}"
EndProject
Project("{2150E333-8FDC-42A3-9474-1A3956D46DE8}") = "Presentation", "Presentation", "{898B0D0D-2720-4A5F-A7C9-D6EC6F4F1920}"
EndProject
Project("{FAE04EC0-301F-11D3-BF4B-00C04F79EFBC}") = "CleanArch.Mvc", "CleanArch.Mvc\CleanArch.Mvc.csproj", "{66EEFA06-8F8A-4FDF-960E-B27DF73AD4F7}"
EndProject
Project("{FAE04EC0-301F-11D3-BF4B-00C04F79EFBC}") = "CleanArch.Domain", "CleanArch.Domain\CleanArch.Domain.csproj", "{20F11EBF-B83C-4FDF-A6C1-BE44AF4B7C7C}"
EndProject
Project("{FAE04EC0-301F-11D3-BF4B-00C04F79EFBC}") = "CleanArch.Infra.Data", "ClassLibrary1\CleanArch.Infra.Data.csproj", "{F6C6ABF8-8569-4AEE-9F80-3E3BD66A5B87}"
EndProject
Global
	GlobalSection(SolutionConfigurationPlatforms) = preSolution
		Debug|Any CPU = Debug|Any CPU
		Release|Any CPU = Release|Any CPU
	EndGlobalSection
	GlobalSection(ProjectConfigurationPlatforms) = postSolution
		{66EEFA06-8F8A-4FDF-960E-B27DF73AD4F7}.Debug|Any CPU.ActiveCfg = Debug|Any CPU
		{66EEFA06-8F8A-4FDF-960E-B27DF73AD4F7}.Debug|Any CPU.Build.0 = Debug|Any CPU
		{66EEFA06-8F8A-4FDF-960E-B27DF73AD4F7}.Release|Any CPU.ActiveCfg = Release|Any CPU
		{66EEFA06-8F8A-4FDF-960E-B27DF73AD4F7}.Release|Any CPU.Build.0 = Release|Any CPU
		{20F11EBF-B83C-4FDF-A6C1-BE44AF4B7C7C}.Debug|Any CPU.ActiveCfg = Debug|Any CPU
		{20F11EBF-B83C-4FDF-A6C1-BE44AF4B7C7C}.Debug|Any CPU.Build.0 = Debug|Any CPU
		{20F11EBF-B83C-4FDF-A6C1-BE44AF4B7C7C}.Release|Any CPU.ActiveCfg = Release|Any CPU
		{20F11EBF-B83C-4FDF-A6C1-BE44AF4B7C7C}.Release|Any CPU.Build.0 = Release|Any CPU
		{F6C6ABF8-8569-4AEE-9F80-3E3BD66A5B87}.Debug|Any CPU.ActiveCfg = Debug|Any CPU
		{F6C6ABF8-8569-4AEE-9F80-3E3BD66A5B87}.Debug|Any CPU.Build.0 = Debug|Any CPU
		{F6C6ABF8-8569-4AEE-9F80-3E3BD66A5B87}.Release|Any CPU.ActiveCfg = Release|Any CPU
		{F6C6ABF8-8569-4AEE-9F80-3E3BD66A5B87}.Release|Any CPU.Build.0 = Release|Any CPU
	EndGlobalSection
	GlobalSection(SolutionProperties) = preSolution
		HideSolutionNode = FALSE
	EndGlobalSection
	GlobalSection(NestedProjects) = preSolution
		{66EEFA06-8F8A-4FDF-960E-B27DF73AD4F7} = {898B0D0D-2720-4A5F-A7C9-D6EC6F4F1920}
		{20F11EBF-B83C-4FDF-A6C1-BE44AF4B7C7C} = {AE957E2F-67D5-4A3D-A270-2F150D207A7F}
		{F6C6ABF8-8569-4AEE-9F80-3E3BD66A5B87} = {1415837B-94CC-489E-9512-0C8C7ABA42D5}
	EndGlobalSection
	GlobalSection(ExtensibilityGlobals) = postSolution
		SolutionGuid = {994BB0F8-E0AC-4B7D-8CD5-0562BDE6A4EC}
	EndGlobalSection
EndGlobal
